
Microsoft Visual Studio Solution File, Format Version 12.00
Project("{FAE04EC0-301F-11D3-BF4B-00C04F79EFBC}") = "OsuPlayer.Api.Data", "OsuPlayer.Api.Data\OsuPlayer.Api.Data.csproj", "{C354E327-A326-405F-88F3-1D98C39D169B}"
EndProject
Global
	GlobalSection(SolutionConfigurationPlatforms) = preSolution
		Debug|Any CPU = Debug|Any CPU
		Release|Any CPU = Release|Any CPU
	EndGlobalSection
	GlobalSection(ProjectConfigurationPlatforms) = postSolution
		{C354E327-A326-405F-88F3-1D98C39D169B}.Debug|Any CPU.ActiveCfg = Debug|Any CPU
		{C354E327-A326-405F-88F3-1D98C39D169B}.Debug|Any CPU.Build.0 = Debug|Any CPU
		{C354E327-A326-405F-88F3-1D98C39D169B}.Release|Any CPU.ActiveCfg = Release|Any CPU
		{C354E327-A326-405F-88F3-1D98C39D169B}.Release|Any CPU.Build.0 = Release|Any CPU
	EndGlobalSection
EndGlobal
